
Microsoft Visual Studio Solution File, Format Version 12.00
# Visual Studio Version 16
VisualStudioVersion = 16.0.30503.244
MinimumVisualStudioVersion = 10.0.40219.1
Project("{FAE04EC0-301F-11D3-BF4B-00C04F79EFBC}") = "WebCon.BPS.HelloWorld.SDK", "WebCon.BPS.HelloWorld.SDK\WebCon.BPS.HelloWorld.SDK.csproj", "{0FF40579-49CC-4BB5-AA98-6CBA82F25BFC}"
EndProject
Global
	GlobalSection(SolutionConfigurationPlatforms) = preSolution
		Debug|Any CPU = Debug|Any CPU
		Release|Any CPU = Release|Any CPU
	EndGlobalSection
	GlobalSection(ProjectConfigurationPlatforms) = postSolution
		{0FF40579-49CC-4BB5-AA98-6CBA82F25BFC}.Debug|Any CPU.ActiveCfg = Debug|Any CPU
		{0FF40579-49CC-4BB5-AA98-6CBA82F25BFC}.Debug|Any CPU.Build.0 = Debug|Any CPU
		{0FF40579-49CC-4BB5-AA98-6CBA82F25BFC}.Release|Any CPU.ActiveCfg = Release|Any CPU
		{0FF40579-49CC-4BB5-AA98-6CBA82F25BFC}.Release|Any CPU.Build.0 = Release|Any CPU
	EndGlobalSection
	GlobalSection(SolutionProperties) = preSolution
		HideSolutionNode = FALSE
	EndGlobalSection
	GlobalSection(ExtensibilityGlobals) = postSolution
		SolutionGuid = {25C81D87-2A9C-4592-BB6B-B4F595A9DF75}
	EndGlobalSection
EndGlobal
